
Microsoft Visual Studio Solution File, Format Version 12.00
# Visual Studio Version 16
VisualStudioVersion = 16.0.29709.97
MinimumVisualStudioVersion = 10.0.40219.1
Project("{FAE04EC0-301F-11D3-BF4B-00C04F79EFBC}") = "SueldoEmpleado", "SueldoEmpleado.csproj", "{76CFDD84-423E-4C76-83FA-01DEF0C363DF}"
EndProject
Global
	GlobalSection(SolutionConfigurationPlatforms) = preSolution
		Debug|Any CPU = Debug|Any CPU
		Release|Any CPU = Release|Any CPU
	EndGlobalSection
	GlobalSection(ProjectConfigurationPlatforms) = postSolution
		{76CFDD84-423E-4C76-83FA-01DEF0C363DF}.Debug|Any CPU.ActiveCfg = Debug|Any CPU
		{76CFDD84-423E-4C76-83FA-01DEF0C363DF}.Debug|Any CPU.Build.0 = Debug|Any CPU
		{76CFDD84-423E-4C76-83FA-01DEF0C363DF}.Release|Any CPU.ActiveCfg = Release|Any CPU
		{76CFDD84-423E-4C76-83FA-01DEF0C363DF}.Release|Any CPU.Build.0 = Release|Any CPU
	EndGlobalSection
	GlobalSection(SolutionProperties) = preSolution
		HideSolutionNode = FALSE
	EndGlobalSection
	GlobalSection(ExtensibilityGlobals) = postSolution
		SolutionGuid = {D28B6147-6FC5-4737-80DE-D1285C127073}
	EndGlobalSection
EndGlobal
